{
  "version": 4,
  "terraform_version": "1.5.7",
  "serial": 14,
  "lineage": "1a762aab-3894-b4bb-8305-b9144a7869d9",
  "outputs": {},
  "resources": [
    {
      "mode": "managed",
      "type": "azurerm_resource_group",
      "name": "resource_group",
      "provider": "provider[\"registry.terraform.io/hashicorp/azurerm\"]",
      "instances": [
        {
          "schema_version": 0,
          "attributes": {
            "id": "/subscriptions/ce086135-a07e-4d25-aaba-225d8fe01264/resourceGroups/obioma",
            "location": "westeurope",
            "managed_by": "",
            "name": "obioma",
            "tags": null,
            "timeouts": null
          },
          "sensitive_attributes": [],
          "private": "eyJlMmJmYjczMC1lY2FhLTExZTYtOGY4OC0zNDM2M2JjN2M0YzAiOnsiY3JlYXRlIjo1NDAwMDAwMDAwMDAwLCJkZWxldGUiOjU0MDAwMDAwMDAwMDAsInJlYWQiOjMwMDAwMDAwMDAwMCwidXBkYXRlIjo1NDAwMDAwMDAwMDAwfX0="
        }
      ]
    },
    {
      "mode": "managed",
      "type": "azurerm_service_plan",
      "name": "app_service_plan",
      "provider": "provider[\"registry.terraform.io/hashicorp/azurerm\"]",
      "instances": [
        {
          "schema_version": 1,
          "attributes": {
            "app_service_environment_id": "",
            "id": "/subscriptions/ce086135-a07e-4d25-aaba-225d8fe01264/resourceGroups/obioma/providers/Microsoft.Web/serverFarms/obikiel",
            "kind": "app",
            "location": "westeurope",
            "maximum_elastic_worker_count": 1,
            "name": "obikiel",
            "os_type": "Windows",
            "per_site_scaling_enabled": false,
            "reserved": false,
            "resource_group_name": "obioma",
            "sku_name": "B1",
            "tags": null,
            "timeouts": null,
            "worker_count": 1,
            "zone_balancing_enabled": false
          },
          "sensitive_attributes": [],
          "private": "eyJlMmJmYjczMC1lY2FhLTExZTYtOGY4OC0zNDM2M2JjN2M0YzAiOnsiY3JlYXRlIjozNjAwMDAwMDAwMDAwLCJkZWxldGUiOjM2MDAwMDAwMDAwMDAsInJlYWQiOjMwMDAwMDAwMDAwMCwidXBkYXRlIjozNjAwMDAwMDAwMDAwfSwic2NoZW1hX3ZlcnNpb24iOiIxIn0=",
          "dependencies": [
            "azurerm_resource_group.resource_group"
          ]
        }
      ]
    },
    {
      "mode": "managed",
      "type": "azurerm_windows_web_app",
      "name": "windows_web_app",
      "provider": "provider[\"registry.terraform.io/hashicorp/azurerm\"]",
      "instances": [
        {
          "schema_version": 1,
          "attributes": {
            "app_settings": null,
            "auth_settings": [],
            "auth_settings_v2": [],
            "backup": [],
            "client_affinity_enabled": false,
            "client_certificate_enabled": false,
            "client_certificate_exclusion_paths": "",
            "client_certificate_mode": "Required",
            "connection_string": [],
            "custom_domain_verification_id": "2A4A397FB70D3126D6BB9976A18DAC2A4FB23763A2DC2109489470D0BC2888A6",
            "default_hostname": "izzy-windows-app.azurewebsites.net",
            "enabled": true,
            "ftp_publish_basic_authentication_enabled": true,
            "hosting_environment_id": "",
            "https_only": false,
            "id": "/subscriptions/ce086135-a07e-4d25-aaba-225d8fe01264/resourceGroups/obioma/providers/Microsoft.Web/sites/izzy-windows-app",
            "identity": [],
            "key_vault_reference_identity_id": "SystemAssigned",
            "kind": "app",
            "location": "westeurope",
            "logs": [],
            "name": "izzy-windows-app",
            "outbound_ip_address_list": [
              "51.124.88.159",
              "20.50.253.190",
              "20.50.254.255",
              "52.143.5.71",
              "20.50.255.137",
              "20.50.255.176",
              "20.50.2.13"
            ],
            "outbound_ip_addresses": "51.124.88.159,20.50.253.190,20.50.254.255,52.143.5.71,20.50.255.137,20.50.255.176,20.50.2.13",
            "possible_outbound_ip_address_list": [
              "51.124.88.159",
              "20.50.253.190",
              "20.50.254.255",
              "52.143.5.71",
              "20.50.255.137",
              "20.50.255.176",
              "52.143.5.148",
              "20.50.255.211",
              "20.54.216.1",
              "20.54.216.113",
              "20.54.216.236",
              "20.54.216.244",
              "20.54.217.89",
              "20.54.217.102",
              "20.54.217.162",
              "20.50.255.109",
              "20.54.217.184",
              "20.54.217.197",
              "20.54.218.36",
              "20.54.218.66",
              "51.124.139.38",
              "20.54.218.71",
              "20.54.218.104",
              "52.143.0.117",
              "20.54.218.240",
              "20.54.219.47",
              "20.54.219.75",
              "20.76.10.82",
              "20.76.10.95",
              "20.76.10.139",
              "20.50.2.13"
            ],
            "possible_outbound_ip_addresses": "51.124.88.159,20.50.253.190,20.50.254.255,52.143.5.71,20.50.255.137,20.50.255.176,52.143.5.148,20.50.255.211,20.54.216.1,20.54.216.113,20.54.216.236,20.54.216.244,20.54.217.89,20.54.217.102,20.54.217.162,20.50.255.109,20.54.217.184,20.54.217.197,20.54.218.36,20.54.218.66,51.124.139.38,20.54.218.71,20.54.218.104,52.143.0.117,20.54.218.240,20.54.219.47,20.54.219.75,20.76.10.82,20.76.10.95,20.76.10.139,20.50.2.13",
            "public_network_access_enabled": true,
            "resource_group_name": "obioma",
            "service_plan_id": "/subscriptions/ce086135-a07e-4d25-aaba-225d8fe01264/resourceGroups/obioma/providers/Microsoft.Web/serverFarms/obikiel",
            "site_config": [
              {
                "always_on": true,
                "api_definition_url": "",
                "api_management_api_id": "",
                "app_command_line": "",
                "application_stack": [
                  {
                    "current_stack": "",
                    "docker_container_name": "",
                    "docker_container_registry": "",
                    "docker_container_tag": "",
                    "docker_image_name": "",
                    "docker_registry_password": "",
                    "docker_registry_url": "",
                    "docker_registry_username": "",
                    "dotnet_core_version": "",
                    "dotnet_version": "v4.0",
                    "java_container": "",
                    "java_container_version": "",
                    "java_embedded_server_enabled": false,
                    "java_version": "",
                    "node_version": "",
                    "php_version": "5.6",
                    "python": false,
                    "python_version": "",
                    "tomcat_version": ""
                  }
                ],
                "auto_heal_enabled": false,
                "auto_heal_setting": [],
                "container_registry_managed_identity_client_id": "",
                "container_registry_use_managed_identity": false,
                "cors": [],
                "default_documents": [
                  "Default.htm",
                  "Default.html",
                  "Default.asp",
                  "index.htm",
                  "index.html",
                  "iisstart.htm",
                  "default.aspx",
                  "index.php",
                  "hostingstart.html"
                ],
                "detailed_error_logging_enabled": false,
                "ftps_state": "Disabled",
                "handler_mapping": [],
                "health_check_eviction_time_in_min": 0,
                "health_check_path": "",
                "http2_enabled": false,
                "ip_restriction": [],
                "ip_restriction_default_action": "Allow",
                "linux_fx_version": "",
                "load_balancing_mode": "LeastRequests",
                "local_mysql_enabled": false,
                "managed_pipeline_mode": "Integrated",
                "minimum_tls_version": "1.2",
                "remote_debugging_enabled": false,
                "remote_debugging_version": "VS2019",
                "scm_ip_restriction": [],
                "scm_ip_restriction_default_action": "Allow",
                "scm_minimum_tls_version": "1.2",
                "scm_type": "None",
                "scm_use_main_ip_restriction": false,
                "use_32_bit_worker": true,
                "virtual_application": [],
                "vnet_route_all_enabled": false,
                "websockets_enabled": false,
                "windows_fx_version": "",
                "worker_count": 1
              }
            ],
            "site_credential": [
              {
                "name": "$izzy-windows-app",
                "password": "nEPY8iA6Dn2ZdxxdHrwQQGlD4bHfyhaAJ0AQfKa5NpchbkRayoMeEFP2eeKm"
              }
            ],
            "sticky_settings": [],
            "storage_account": [],
            "tags": null,
            "timeouts": null,
            "virtual_network_subnet_id": "",
            "webdeploy_publish_basic_authentication_enabled": true,
            "zip_deploy_file": ""
          },
          "sensitive_attributes": [],
          "private": "eyJlMmJmYjczMC1lY2FhLTExZTYtOGY4OC0zNDM2M2JjN2M0YzAiOnsiY3JlYXRlIjoxODAwMDAwMDAwMDAwLCJkZWxldGUiOjE4MDAwMDAwMDAwMDAsInJlYWQiOjMwMDAwMDAwMDAwMCwidXBkYXRlIjoxODAwMDAwMDAwMDAwfSwic2NoZW1hX3ZlcnNpb24iOiIxIn0=",
          "dependencies": [
            "azurerm_resource_group.resource_group",
            "azurerm_service_plan.app_service_plan"
          ]
        }
      ]
    }
  ],
  "check_results": null
}
