{
  "version": 4,
  "terraform_version": "1.5.7",
  "serial": 11,
  "lineage": "2b7cf3cb-e7d5-a23e-909d-685086bcb1c2",
  "outputs": {},
  "resources": [
    {
      "mode": "managed",
      "type": "azurerm_resource_group",
      "name": "resource_group",
      "provider": "provider[\"registry.terraform.io/hashicorp/azurerm\"]",
      "instances": [
        {
          "schema_version": 0,
          "attributes": {
            "id": "/subscriptions/ce086135-a07e-4d25-aaba-225d8fe01264/resourceGroups/obioma",
            "location": "westeurope",
            "managed_by": "",
            "name": "obioma",
            "tags": {},
            "timeouts": null
          },
          "sensitive_attributes": [],
          "private": "eyJlMmJmYjczMC1lY2FhLTExZTYtOGY4OC0zNDM2M2JjN2M0YzAiOnsiY3JlYXRlIjo1NDAwMDAwMDAwMDAwLCJkZWxldGUiOjU0MDAwMDAwMDAwMDAsInJlYWQiOjMwMDAwMDAwMDAwMCwidXBkYXRlIjo1NDAwMDAwMDAwMDAwfX0="
        }
      ]
    },
    {
      "module": "module.appservice",
      "mode": "managed",
      "type": "azurerm_resource_group",
      "name": "resource_group",
      "provider": "module.appservice.provider[\"registry.terraform.io/hashicorp/azurerm\"]",
      "instances": [
        {
          "schema_version": 0,
          "attributes": {
            "id": "/subscriptions/ce086135-a07e-4d25-aaba-225d8fe01264/resourceGroups/obioma",
            "location": "westeurope",
            "managed_by": "",
            "name": "obioma",
            "tags": {},
            "timeouts": null
          },
          "sensitive_attributes": [],
          "private": "eyJlMmJmYjczMC1lY2FhLTExZTYtOGY4OC0zNDM2M2JjN2M0YzAiOnsiY3JlYXRlIjo1NDAwMDAwMDAwMDAwLCJkZWxldGUiOjU0MDAwMDAwMDAwMDAsInJlYWQiOjMwMDAwMDAwMDAwMCwidXBkYXRlIjo1NDAwMDAwMDAwMDAwfX0="
        }
      ]
    },
    {
      "module": "module.appservice",
      "mode": "managed",
      "type": "azurerm_service_plan",
      "name": "app_service_plan",
      "provider": "module.appservice.provider[\"registry.terraform.io/hashicorp/azurerm\"]",
      "instances": [
        {
          "schema_version": 1,
          "attributes": {
            "app_service_environment_id": "",
            "id": "/subscriptions/ce086135-a07e-4d25-aaba-225d8fe01264/resourceGroups/obioma/providers/Microsoft.Web/serverFarms/obikiel",
            "kind": "app",
            "location": "westeurope",
            "maximum_elastic_worker_count": 1,
            "name": "obikiel",
            "os_type": "Windows",
            "per_site_scaling_enabled": false,
            "reserved": false,
            "resource_group_name": "obioma",
            "sku_name": "B1",
            "tags": {},
            "timeouts": null,
            "worker_count": 1,
            "zone_balancing_enabled": false
          },
          "sensitive_attributes": [],
          "private": "eyJlMmJmYjczMC1lY2FhLTExZTYtOGY4OC0zNDM2M2JjN2M0YzAiOnsiY3JlYXRlIjozNjAwMDAwMDAwMDAwLCJkZWxldGUiOjM2MDAwMDAwMDAwMDAsInJlYWQiOjMwMDAwMDAwMDAwMCwidXBkYXRlIjozNjAwMDAwMDAwMDAwfSwic2NoZW1hX3ZlcnNpb24iOiIxIn0=",
          "dependencies": [
            "module.appservice.azurerm_resource_group.resource_group"
          ]
        }
      ]
    },
    {
      "module": "module.appservice",
      "mode": "managed",
      "type": "azurerm_windows_web_app",
      "name": "windows_web_app",
      "provider": "module.appservice.provider[\"registry.terraform.io/hashicorp/azurerm\"]",
      "instances": [
        {
          "schema_version": 1,
          "attributes": {
            "app_settings": {},
            "auth_settings": [],
            "auth_settings_v2": [],
            "backup": [],
            "client_affinity_enabled": false,
            "client_certificate_enabled": false,
            "client_certificate_exclusion_paths": "",
            "client_certificate_mode": "Required",
            "connection_string": [],
            "custom_domain_verification_id": "2A4A397FB70D3126D6BB9976A18DAC2A4FB23763A2DC2109489470D0BC2888A6",
            "default_hostname": "izzy-windows-app.azurewebsites.net",
            "enabled": true,
            "ftp_publish_basic_authentication_enabled": true,
            "hosting_environment_id": "",
            "https_only": false,
            "id": "/subscriptions/ce086135-a07e-4d25-aaba-225d8fe01264/resourceGroups/obioma/providers/Microsoft.Web/sites/izzy-windows-app",
            "identity": [],
            "key_vault_reference_identity_id": "SystemAssigned",
            "kind": "app",
            "location": "westeurope",
            "logs": [],
            "name": "izzy-windows-app",
            "outbound_ip_address_list": [
              "20.82.67.245",
              "20.82.71.148",
              "20.103.40.49",
              "20.103.40.117",
              "20.103.40.246",
              "20.103.43.206",
              "20.105.224.23"
            ],
            "outbound_ip_addresses": "20.82.67.245,20.82.71.148,20.103.40.49,20.103.40.117,20.103.40.246,20.103.43.206,20.105.224.23",
            "possible_outbound_ip_address_list": [
              "20.82.67.245",
              "20.82.71.148",
              "20.103.40.49",
              "20.103.40.117",
              "20.103.40.246",
              "20.103.43.206",
              "20.103.44.200",
              "20.103.44.254",
              "20.103.45.67",
              "20.103.45.75",
              "20.103.45.82",
              "20.103.46.55",
              "20.103.47.49",
              "20.103.47.130",
              "20.4.176.44",
              "20.4.176.109",
              "20.4.176.131",
              "20.4.176.150",
              "20.4.176.168",
              "20.4.176.173",
              "20.4.176.184",
              "20.4.176.189",
              "20.4.177.142",
              "20.4.177.180",
              "20.4.177.247",
              "20.4.177.255",
              "20.4.178.155",
              "20.4.178.159",
              "20.4.178.162",
              "20.103.45.152",
              "20.103.45.153",
              "20.103.46.238",
              "20.103.46.239",
              "20.103.47.6",
              "20.103.47.7",
              "20.103.47.24",
              "20.105.224.23"
            ],
            "possible_outbound_ip_addresses": "20.82.67.245,20.82.71.148,20.103.40.49,20.103.40.117,20.103.40.246,20.103.43.206,20.103.44.200,20.103.44.254,20.103.45.67,20.103.45.75,20.103.45.82,20.103.46.55,20.103.47.49,20.103.47.130,20.4.176.44,20.4.176.109,20.4.176.131,20.4.176.150,20.4.176.168,20.4.176.173,20.4.176.184,20.4.176.189,20.4.177.142,20.4.177.180,20.4.177.247,20.4.177.255,20.4.178.155,20.4.178.159,20.4.178.162,20.103.45.152,20.103.45.153,20.103.46.238,20.103.46.239,20.103.47.6,20.103.47.7,20.103.47.24,20.105.224.23",
            "public_network_access_enabled": true,
            "resource_group_name": "obioma",
            "service_plan_id": "/subscriptions/ce086135-a07e-4d25-aaba-225d8fe01264/resourceGroups/obioma/providers/Microsoft.Web/serverFarms/obikiel",
            "site_config": [
              {
                "always_on": true,
                "api_definition_url": "",
                "api_management_api_id": "",
                "app_command_line": "",
                "application_stack": [
                  {
                    "current_stack": "",
                    "docker_container_name": "",
                    "docker_container_registry": "",
                    "docker_container_tag": "",
                    "docker_image_name": "",
                    "docker_registry_password": "",
                    "docker_registry_url": "",
                    "docker_registry_username": "",
                    "dotnet_core_version": "",
                    "dotnet_version": "v4.0",
                    "java_container": "",
                    "java_container_version": "",
                    "java_embedded_server_enabled": false,
                    "java_version": "",
                    "node_version": "",
                    "php_version": "5.6",
                    "python": false,
                    "python_version": "",
                    "tomcat_version": ""
                  }
                ],
                "auto_heal_enabled": false,
                "auto_heal_setting": [],
                "container_registry_managed_identity_client_id": "",
                "container_registry_use_managed_identity": false,
                "cors": [],
                "default_documents": [
                  "Default.htm",
                  "Default.html",
                  "Default.asp",
                  "index.htm",
                  "index.html",
                  "iisstart.htm",
                  "default.aspx",
                  "index.php",
                  "hostingstart.html"
                ],
                "detailed_error_logging_enabled": false,
                "ftps_state": "Disabled",
                "handler_mapping": [],
                "health_check_eviction_time_in_min": 0,
                "health_check_path": "",
                "http2_enabled": false,
                "ip_restriction": [],
                "ip_restriction_default_action": "Allow",
                "linux_fx_version": "",
                "load_balancing_mode": "LeastRequests",
                "local_mysql_enabled": false,
                "managed_pipeline_mode": "Integrated",
                "minimum_tls_version": "1.2",
                "remote_debugging_enabled": false,
                "remote_debugging_version": "VS2019",
                "scm_ip_restriction": [],
                "scm_ip_restriction_default_action": "Allow",
                "scm_minimum_tls_version": "1.2",
                "scm_type": "None",
                "scm_use_main_ip_restriction": false,
                "use_32_bit_worker": true,
                "virtual_application": [],
                "vnet_route_all_enabled": false,
                "websockets_enabled": false,
                "windows_fx_version": "",
                "worker_count": 1
              }
            ],
            "site_credential": [
              {
                "name": "$izzy-windows-app",
                "password": "zeRc9C0jLR4gDpr2CCuede06veDqsBkXzZgdiNowBwPesQgyibTcmLAnik5r"
              }
            ],
            "sticky_settings": [],
            "storage_account": [],
            "tags": {},
            "timeouts": null,
            "virtual_network_subnet_id": "",
            "webdeploy_publish_basic_authentication_enabled": true,
            "zip_deploy_file": ""
          },
          "sensitive_attributes": [],
          "private": "eyJlMmJmYjczMC1lY2FhLTExZTYtOGY4OC0zNDM2M2JjN2M0YzAiOnsiY3JlYXRlIjoxODAwMDAwMDAwMDAwLCJkZWxldGUiOjE4MDAwMDAwMDAwMDAsInJlYWQiOjMwMDAwMDAwMDAwMCwidXBkYXRlIjoxODAwMDAwMDAwMDAwfSwic2NoZW1hX3ZlcnNpb24iOiIxIn0=",
          "dependencies": [
            "module.appservice.azurerm_resource_group.resource_group",
            "module.appservice.azurerm_service_plan.app_service_plan"
          ]
        }
      ]
    },
    {
      "module": "module.cost-management",
      "mode": "managed",
      "type": "azurerm_resource_group",
      "name": "resource_group",
      "provider": "module.cost-management.provider[\"registry.terraform.io/hashicorp/azurerm\"]",
      "instances": [
        {
          "schema_version": 0,
          "attributes": {
            "id": "/subscriptions/ce086135-a07e-4d25-aaba-225d8fe01264/resourceGroups/obioma",
            "location": "westeurope",
            "managed_by": "",
            "name": "obioma",
            "tags": {},
            "timeouts": null
          },
          "sensitive_attributes": [],
          "private": "eyJlMmJmYjczMC1lY2FhLTExZTYtOGY4OC0zNDM2M2JjN2M0YzAiOnsiY3JlYXRlIjo1NDAwMDAwMDAwMDAwLCJkZWxldGUiOjU0MDAwMDAwMDAwMDAsInJlYWQiOjMwMDAwMDAwMDAwMCwidXBkYXRlIjo1NDAwMDAwMDAwMDAwfX0="
        }
      ]
    },
    {
      "module": "module.cost-management",
      "mode": "managed",
      "type": "azurerm_storage_account",
      "name": "storage",
      "provider": "module.cost-management.provider[\"registry.terraform.io/hashicorp/azurerm\"]",
      "instances": [
        {
          "schema_version": 4,
          "attributes": {
            "access_tier": "Hot",
            "account_kind": "StorageV2",
            "account_replication_type": "LRS",
            "account_tier": "Standard",
            "allow_nested_items_to_be_public": true,
            "allowed_copy_scope": "",
            "azure_files_authentication": [],
            "blob_properties": [
              {
                "change_feed_enabled": false,
                "change_feed_retention_in_days": 0,
                "container_delete_retention_policy": [],
                "cors_rule": [],
                "default_service_version": "",
                "delete_retention_policy": [],
                "last_access_time_enabled": false,
                "restore_policy": [],
                "versioning_enabled": false
              }
            ],
            "cross_tenant_replication_enabled": true,
            "custom_domain": [],
            "customer_managed_key": [],
            "default_to_oauth_authentication": false,
            "dns_endpoint_type": "Standard",
            "edge_zone": "",
            "enable_https_traffic_only": true,
            "id": "/subscriptions/ce086135-a07e-4d25-aaba-225d8fe01264/resourceGroups/obioma/providers/Microsoft.Storage/storageAccounts/obiomaastorage",
            "identity": [],
            "immutability_policy": [],
            "infrastructure_encryption_enabled": false,
            "is_hns_enabled": false,
            "large_file_share_enabled": null,
            "local_user_enabled": true,
            "location": "westeurope",
            "min_tls_version": "TLS1_2",
            "name": "obiomaastorage",
            "network_rules": [
              {
                "bypass": [
                  "AzureServices"
                ],
                "default_action": "Allow",
                "ip_rules": [],
                "private_link_access": [],
                "virtual_network_subnet_ids": []
              }
            ],
            "nfsv3_enabled": false,
            "primary_access_key": "llJfG/Bn2BWt0rJ7xsadh+MaJpdk/2SvJCGjy3A1+Mucx8SenVZ+c6FWTMWCeHUpepUzWOUcJZO/+AStJztVXA==",
            "primary_blob_connection_string": "DefaultEndpointsProtocol=https;BlobEndpoint=https://obiomaastorage.blob.core.windows.net/;AccountName=obiomaastorage;AccountKey=llJfG/Bn2BWt0rJ7xsadh+MaJpdk/2SvJCGjy3A1+Mucx8SenVZ+c6FWTMWCeHUpepUzWOUcJZO/+AStJztVXA==",
            "primary_blob_endpoint": "https://obiomaastorage.blob.core.windows.net/",
            "primary_blob_host": "obiomaastorage.blob.core.windows.net",
            "primary_blob_internet_endpoint": "",
            "primary_blob_internet_host": "",
            "primary_blob_microsoft_endpoint": "",
            "primary_blob_microsoft_host": "",
            "primary_connection_string": "DefaultEndpointsProtocol=https;AccountName=obiomaastorage;AccountKey=llJfG/Bn2BWt0rJ7xsadh+MaJpdk/2SvJCGjy3A1+Mucx8SenVZ+c6FWTMWCeHUpepUzWOUcJZO/+AStJztVXA==;EndpointSuffix=core.windows.net",
            "primary_dfs_endpoint": "https://obiomaastorage.dfs.core.windows.net/",
            "primary_dfs_host": "obiomaastorage.dfs.core.windows.net",
            "primary_dfs_internet_endpoint": "",
            "primary_dfs_internet_host": "",
            "primary_dfs_microsoft_endpoint": "",
            "primary_dfs_microsoft_host": "",
            "primary_file_endpoint": "https://obiomaastorage.file.core.windows.net/",
            "primary_file_host": "obiomaastorage.file.core.windows.net",
            "primary_file_internet_endpoint": "",
            "primary_file_internet_host": "",
            "primary_file_microsoft_endpoint": "",
            "primary_file_microsoft_host": "",
            "primary_location": "westeurope",
            "primary_queue_endpoint": "https://obiomaastorage.queue.core.windows.net/",
            "primary_queue_host": "obiomaastorage.queue.core.windows.net",
            "primary_queue_microsoft_endpoint": "",
            "primary_queue_microsoft_host": "",
            "primary_table_endpoint": "https://obiomaastorage.table.core.windows.net/",
            "primary_table_host": "obiomaastorage.table.core.windows.net",
            "primary_table_microsoft_endpoint": "",
            "primary_table_microsoft_host": "",
            "primary_web_endpoint": "https://obiomaastorage.z6.web.core.windows.net/",
            "primary_web_host": "obiomaastorage.z6.web.core.windows.net",
            "primary_web_internet_endpoint": "",
            "primary_web_internet_host": "",
            "primary_web_microsoft_endpoint": "",
            "primary_web_microsoft_host": "",
            "public_network_access_enabled": true,
            "queue_encryption_key_type": "Service",
            "queue_properties": [
              {
                "cors_rule": [],
                "hour_metrics": [
                  {
                    "enabled": true,
                    "include_apis": true,
                    "retention_policy_days": 7,
                    "version": "1.0"
                  }
                ],
                "logging": [
                  {
                    "delete": false,
                    "read": false,
                    "retention_policy_days": 0,
                    "version": "1.0",
                    "write": false
                  }
                ],
                "minute_metrics": [
                  {
                    "enabled": false,
                    "include_apis": false,
                    "retention_policy_days": 0,
                    "version": "1.0"
                  }
                ]
              }
            ],
            "resource_group_name": "obioma",
            "routing": [],
            "sas_policy": [],
            "secondary_access_key": "xZboxaG/jwJ7GUtRjFjAV+apb8i0TzUZKGfqAy0OwIbsX0OAxQeb9OByYVM3lYQ5cK0IVcDhMJsJ+AStgARuRQ==",
            "secondary_blob_connection_string": "",
            "secondary_blob_endpoint": null,
            "secondary_blob_host": null,
            "secondary_blob_internet_endpoint": null,
            "secondary_blob_internet_host": null,
            "secondary_blob_microsoft_endpoint": null,
            "secondary_blob_microsoft_host": null,
            "secondary_connection_string": "DefaultEndpointsProtocol=https;AccountName=obiomaastorage;AccountKey=xZboxaG/jwJ7GUtRjFjAV+apb8i0TzUZKGfqAy0OwIbsX0OAxQeb9OByYVM3lYQ5cK0IVcDhMJsJ+AStgARuRQ==;EndpointSuffix=core.windows.net",
            "secondary_dfs_endpoint": null,
            "secondary_dfs_host": null,
            "secondary_dfs_internet_endpoint": null,
            "secondary_dfs_internet_host": null,
            "secondary_dfs_microsoft_endpoint": null,
            "secondary_dfs_microsoft_host": null,
            "secondary_file_endpoint": null,
            "secondary_file_host": null,
            "secondary_file_internet_endpoint": null,
            "secondary_file_internet_host": null,
            "secondary_file_microsoft_endpoint": null,
            "secondary_file_microsoft_host": null,
            "secondary_location": "",
            "secondary_queue_endpoint": null,
            "secondary_queue_host": null,
            "secondary_queue_microsoft_endpoint": null,
            "secondary_queue_microsoft_host": null,
            "secondary_table_endpoint": null,
            "secondary_table_host": null,
            "secondary_table_microsoft_endpoint": null,
            "secondary_table_microsoft_host": null,
            "secondary_web_endpoint": null,
            "secondary_web_host": null,
            "secondary_web_internet_endpoint": null,
            "secondary_web_internet_host": null,
            "secondary_web_microsoft_endpoint": null,
            "secondary_web_microsoft_host": null,
            "sftp_enabled": false,
            "share_properties": [
              {
                "cors_rule": [],
                "retention_policy": [
                  {
                    "days": 7
                  }
                ],
                "smb": []
              }
            ],
            "shared_access_key_enabled": true,
            "static_website": [],
            "table_encryption_key_type": "Service",
            "tags": null,
            "timeouts": null
          },
          "sensitive_attributes": [],
          "private": "eyJlMmJmYjczMC1lY2FhLTExZTYtOGY4OC0zNDM2M2JjN2M0YzAiOnsiY3JlYXRlIjozNjAwMDAwMDAwMDAwLCJkZWxldGUiOjM2MDAwMDAwMDAwMDAsInJlYWQiOjMwMDAwMDAwMDAwMCwidXBkYXRlIjozNjAwMDAwMDAwMDAwfSwic2NoZW1hX3ZlcnNpb24iOiI0In0=",
          "dependencies": [
            "module.cost-management.azurerm_resource_group.resource_group"
          ]
        }
      ]
    },
    {
      "module": "module.cost-management",
      "mode": "managed",
      "type": "azurerm_storage_container",
      "name": "container",
      "provider": "module.cost-management.provider[\"registry.terraform.io/hashicorp/azurerm\"]",
      "instances": [
        {
          "schema_version": 1,
          "attributes": {
            "container_access_type": "private",
            "default_encryption_scope": "$account-encryption-key",
            "encryption_scope_override_enabled": true,
            "has_immutability_policy": false,
            "has_legal_hold": false,
            "id": "https://obiomaastorage.blob.core.windows.net/obicontainer",
            "metadata": {},
            "name": "obicontainer",
            "resource_manager_id": "/subscriptions/ce086135-a07e-4d25-aaba-225d8fe01264/resourceGroups/obioma/providers/Microsoft.Storage/storageAccounts/obiomaastorage/blobServices/default/containers/obicontainer",
            "storage_account_name": "obiomaastorage",
            "timeouts": null
          },
          "sensitive_attributes": [],
          "private": "eyJlMmJmYjczMC1lY2FhLTExZTYtOGY4OC0zNDM2M2JjN2M0YzAiOnsiY3JlYXRlIjoxODAwMDAwMDAwMDAwLCJkZWxldGUiOjE4MDAwMDAwMDAwMDAsInJlYWQiOjMwMDAwMDAwMDAwMCwidXBkYXRlIjoxODAwMDAwMDAwMDAwfSwic2NoZW1hX3ZlcnNpb24iOiIxIn0=",
          "dependencies": [
            "module.cost-management.azurerm_resource_group.resource_group",
            "module.cost-management.azurerm_storage_account.storage"
          ]
        }
      ]
    }
  ],
  "check_results": null
}
